{
  "name": "js-ml-test-mnist",
  "version": "1.0.0",
  "lockfileVersion": 1,
  "requires": true,
  "dependencies": {
    "@types/mkdirp": {
      "version": "0.5.2",
      "resolved": "https://registry.npmjs.org/@types/mkdirp/-/mkdirp-0.5.2.tgz",
      "integrity": "sha512-U5icWpv7YnZYGsN4/cmh3WD2onMY0aJIiTE6+51TwJCttdHvtCYmkBNOobHlXwrJRL0nkH9jH4kD+1FAdMN4Tg==",
      "requires": {
        "@types/node": "*"
      }
    },
    "@types/node": {
      "version": "14.10.1",
      "resolved": "https://registry.npmjs.org/@types/node/-/node-14.10.1.tgz",
      "integrity": "sha512-aYNbO+FZ/3KGeQCEkNhHFRIzBOUgc7QvcVNKXbfnhDkSfwUv91JsQQa10rDgKSTSLkXZ1UIyPe4FJJNVgw1xWQ=="
    },
    "idx-data": {
      "version": "1.1.0",
      "resolved": "https://registry.npmjs.org/idx-data/-/idx-data-1.1.0.tgz",
      "integrity": "sha512-cYELRaGdqEIroN+eI1Irn4IeAowVQhHZbyP+SVxc7ieWwBRf9BjjB9qb1mg8ymHwrpEdF3pG1+nk1+s43FuVKQ==",
      "requires": {
        "@types/mkdirp": "^0.5.2",
        "mkdirp": "^0.5.1"
      }
    },
    "minimist": {
      "version": "1.2.5",
      "resolved": "https://registry.npmjs.org/minimist/-/minimist-1.2.5.tgz",
      "integrity": "sha512-FM9nNUYrRBAELZQT3xeZQ7fmMOBg6nWNmJKTcgsJeaLstP/UODVpGsr5OhXhhXg6f+qtJ8uiZ+PUxkDWcgIXLw=="
    },
    "mkdirp": {
      "version": "0.5.5",
      "resolved": "https://registry.npmjs.org/mkdirp/-/mkdirp-0.5.5.tgz",
      "integrity": "sha512-NKmAlESf6jMGym1++R0Ra7wvhV+wFW63FaSOFPwRahvea0gMUcGUhVeAg/0BC0wiv9ih5NYPB1Wn1UEI1/L+xQ==",
      "requires": {
        "minimist": "^1.2.5"
      }
    }
  }
}
